
Microsoft Visual Studio Solution File, Format Version 12.00
# Visual Studio 15
VisualStudioVersion = 15.0.27703.2026
MinimumVisualStudioVersion = 10.0.40219.1
Project("{FAE04EC0-301F-11D3-BF4B-00C04F79EFBC}") = "GUISystemInfo", "GUISystemInfo\GUISystemInfo.csproj", "{7A5A7722-D07C-40A5-83FB-87CB9E5CF8BA}"
EndProject
Global
	GlobalSection(SolutionConfigurationPlatforms) = preSolution
		Debug|Any CPU = Debug|Any CPU
		Release|Any CPU = Release|Any CPU
	EndGlobalSection
	GlobalSection(ProjectConfigurationPlatforms) = postSolution
		{7A5A7722-D07C-40A5-83FB-87CB9E5CF8BA}.Debug|Any CPU.ActiveCfg = Debug|Any CPU
		{7A5A7722-D07C-40A5-83FB-87CB9E5CF8BA}.Debug|Any CPU.Build.0 = Debug|Any CPU
		{7A5A7722-D07C-40A5-83FB-87CB9E5CF8BA}.Release|Any CPU.ActiveCfg = Release|Any CPU
		{7A5A7722-D07C-40A5-83FB-87CB9E5CF8BA}.Release|Any CPU.Build.0 = Release|Any CPU
	EndGlobalSection
	GlobalSection(SolutionProperties) = preSolution
		HideSolutionNode = FALSE
	EndGlobalSection
	GlobalSection(ExtensibilityGlobals) = postSolution
		SolutionGuid = {BC475D7A-B790-4CC6-AF3F-6CFA7405E6EC}
	EndGlobalSection
EndGlobal
